
Microsoft Visual Studio Solution File, Format Version 12.00
# Visual Studio 15
VisualStudioVersion = 15.0.28307.572
MinimumVisualStudioVersion = 10.0.40219.1
Project("{FAE04EC0-301F-11D3-BF4B-00C04F79EFBC}") = "ClientChat", "ClientChat\ClientChat.csproj", "{2854AC2E-959C-4C65-9412-E10792F567D7}"
EndProject
Global
	GlobalSection(SolutionConfigurationPlatforms) = preSolution
		Debug|Any CPU = Debug|Any CPU
		Release|Any CPU = Release|Any CPU
	EndGlobalSection
	GlobalSection(ProjectConfigurationPlatforms) = postSolution
		{2854AC2E-959C-4C65-9412-E10792F567D7}.Debug|Any CPU.ActiveCfg = Debug|Any CPU
		{2854AC2E-959C-4C65-9412-E10792F567D7}.Debug|Any CPU.Build.0 = Debug|Any CPU
		{2854AC2E-959C-4C65-9412-E10792F567D7}.Release|Any CPU.ActiveCfg = Release|Any CPU
		{2854AC2E-959C-4C65-9412-E10792F567D7}.Release|Any CPU.Build.0 = Release|Any CPU
	EndGlobalSection
	GlobalSection(SolutionProperties) = preSolution
		HideSolutionNode = FALSE
	EndGlobalSection
	GlobalSection(ExtensibilityGlobals) = postSolution
		SolutionGuid = {09CD9B72-388F-4294-AC49-2D7224245306}
	EndGlobalSection
EndGlobal
